// !$*UTF8*$!
{
	archiveVersion = 1;
	classes = {
	};
	objectVersion = 50;
	objects = {

/* Begin PBXBuildFile section */
		80E19D3EB99B0565ECDF6857 /* Pods_WeatherApp.framework in Frameworks */ = {isa = PBXBuildFile; fileRef = 0B105677076738DC88A33EEB /* Pods_WeatherApp.framework */; };
		A010E33720F4B6A50051BE8E /* AppDelegate.swift in Sources */ = {isa = PBXBuildFile; fileRef = A010E33620F4B6A50051BE8E /* AppDelegate.swift */; };
		A010E33920F4B6A50051BE8E /* RootViewController.swift in Sources */ = {isa = PBXBuildFile; fileRef = A010E33820F4B6A50051BE8E /* RootViewController.swift */; };
		A010E33B20F4B6A50051BE8E /* CityViewController.swift in Sources */ = {isa = PBXBuildFile; fileRef = A010E33A20F4B6A50051BE8E /* CityViewController.swift */; };
		A010E33D20F4B6A50051BE8E /* ModelController.swift in Sources */ = {isa = PBXBuildFile; fileRef = A010E33C20F4B6A50051BE8E /* ModelController.swift */; };
		A010E34020F4B6A50051BE8E /* Main.storyboard in Resources */ = {isa = PBXBuildFile; fileRef = A010E33E20F4B6A50051BE8E /* Main.storyboard */; };
		A010E34220F4B6A90051BE8E /* Assets.xcassets in Resources */ = {isa = PBXBuildFile; fileRef = A010E34120F4B6A90051BE8E /* Assets.xcassets */; };
		A010E34520F4B6A90051BE8E /* LaunchScreen.storyboard in Resources */ = {isa = PBXBuildFile; fileRef = A010E34320F4B6A90051BE8E /* LaunchScreen.storyboard */; };
		A010E35020F4B6AA0051BE8E /* WeatherAppTests.swift in Sources */ = {isa = PBXBuildFile; fileRef = A010E34F20F4B6AA0051BE8E /* WeatherAppTests.swift */; };
/* End PBXBuildFile section */

/* Begin PBXContainerItemProxy section */
		A010E34C20F4B6AA0051BE8E /* PBXContainerItemProxy */ = {
			isa = PBXContainerItemProxy;
			containerPortal = A010E32B20F4B6A50051BE8E /* Project object */;
			proxyType = 1;
			remoteGlobalIDString = A010E33220F4B6A50051BE8E;
			remoteInfo = WeatherApp;
		};
/* End PBXContainerItemProxy section */

/* Begin PBXFileReference section */
		0B105677076738DC88A33EEB /* Pods_WeatherApp.framework */ = {isa = PBXFileReference; explicitFileType = wrapper.framework; includeInIndex = 0; path = Pods_WeatherApp.framework; sourceTree = BUILT_PRODUCTS_DIR; };
		3AECC926A5F492CFCB94C5CE /* Pods-WeatherApp.debug.xcconfig */ = {isa = PBXFileReference; includeInIndex = 1; lastKnownFileType = text.xcconfig; name = "Pods-WeatherApp.debug.xcconfig"; path = "Pods/Target Support Files/Pods-WeatherApp/Pods-WeatherApp.debug.xcconfig"; sourceTree = "<group>"; };
		A010E33320F4B6A50051BE8E /* WeatherApp.app */ = {isa = PBXFileReference; explicitFileType = wrapper.application; includeInIndex = 0; path = WeatherApp.app; sourceTree = BUILT_PRODUCTS_DIR; };
		A010E33620F4B6A50051BE8E /* AppDelegate.swift */ = {isa = PBXFileReference; lastKnownFileType = sourcecode.swift; path = AppDelegate.swift; sourceTree = "<group>"; };
		A010E33820F4B6A50051BE8E /* RootViewController.swift */ = {isa = PBXFileReference; lastKnownFileType = sourcecode.swift; path = RootViewController.swift; sourceTree = "<group>"; };
		A010E33A20F4B6A50051BE8E /* CityViewController.swift */ = {isa = PBXFileReference; lastKnownFileType = sourcecode.swift; path = CityViewController.swift; sourceTree = "<group>"; };
		A010E33C20F4B6A50051BE8E /* ModelController.swift */ = {isa = PBXFileReference; lastKnownFileType = sourcecode.swift; path = ModelController.swift; sourceTree = "<group>"; };
		A010E33F20F4B6A50051BE8E /* Base */ = {isa = PBXFileReference; lastKnownFileType = file.storyboard; name = Base; path = Base.lproj/Main.storyboard; sourceTree = "<group>"; };
		A010E34120F4B6A90051BE8E /* Assets.xcassets */ = {isa = PBXFileReference; lastKnownFileType = folder.assetcatalog; path = Assets.xcassets; sourceTree = "<group>"; };
		A010E34420F4B6A90051BE8E /* Base */ = {isa = PBXFileReference; lastKnownFileType = file.storyboard; name = Base; path = Base.lproj/LaunchScreen.storyboard; sourceTree = "<group>"; };
		A010E34620F4B6A90051BE8E /* Info.plist */ = {isa = PBXFileReference; lastKnownFileType = text.plist.xml; path = Info.plist; sourceTree = "<group>"; };
		A010E34B20F4B6AA0051BE8E /* WeatherAppTests.xctest */ = {isa = PBXFileReference; explicitFileType = wrapper.cfbundle; includeInIndex = 0; path = WeatherAppTests.xctest; sourceTree = BUILT_PRODUCTS_DIR; };
		A010E34F20F4B6AA0051BE8E /* WeatherAppTests.swift */ = {isa = PBXFileReference; lastKnownFileType = sourcecode.swift; path = WeatherAppTests.swift; sourceTree = "<group>"; };
		A010E35120F4B6AA0051BE8E /* Info.plist */ = {isa = PBXFileReference; lastKnownFileType = text.plist.xml; path = Info.plist; sourceTree = "<group>"; };
		BEBD272EDE352D33AE3E96F1 /* Pods-WeatherApp.release.xcconfig */ = {isa = PBXFileReference; includeInIndex = 1; lastKnownFileType = text.xcconfig; name = "Pods-WeatherApp.release.xcconfig"; path = "Pods/Target Support Files/Pods-WeatherApp/Pods-WeatherApp.release.xcconfig"; sourceTree = "<group>"; };
/* End PBXFileReference section */

/* Begin PBXFrameworksBuildPhase section */
		A010E33020F4B6A50051BE8E /* Frameworks */ = {
			isa = PBXFrameworksBuildPhase;
			buildActionMask = 2147483647;
			files = (
				80E19D3EB99B0565ECDF6857 /* Pods_WeatherApp.framework in Frameworks */,
			);
			runOnlyForDeploymentPostprocessing = 0;
		};
		A010E34820F4B6AA0051BE8E /* Frameworks */ = {
			isa = PBXFrameworksBuildPhase;
			buildActionMask = 2147483647;
			files = (
			);
			runOnlyForDeploymentPostprocessing = 0;
		};
/* End PBXFrameworksBuildPhase section */

/* Begin PBXGroup section */
		12949978E78EDF936CDA3C8F /* Pods */ = {
			isa = PBXGroup;
			children = (
				3AECC926A5F492CFCB94C5CE /* Pods-WeatherApp.debug.xcconfig */,
				BEBD272EDE352D33AE3E96F1 /* Pods-WeatherApp.release.xcconfig */,
			);
			name = Pods;
			sourceTree = "<group>";
		};
		88F87FADFCB72984D5D7D4C6 /* Frameworks */ = {
			isa = PBXGroup;
			children = (
				0B105677076738DC88A33EEB /* Pods_WeatherApp.framework */,
			);
			name = Frameworks;
			sourceTree = "<group>";
		};
		A010E32A20F4B6A50051BE8E = {
			isa = PBXGroup;
			children = (
				A010E33520F4B6A50051BE8E /* WeatherApp */,
				A010E34E20F4B6AA0051BE8E /* WeatherAppTests */,
				A010E33420F4B6A50051BE8E /* Products */,
				12949978E78EDF936CDA3C8F /* Pods */,
				88F87FADFCB72984D5D7D4C6 /* Frameworks */,
			);
			sourceTree = "<group>";
		};
		A010E33420F4B6A50051BE8E /* Products */ = {
			isa = PBXGroup;
			children = (
				A010E33320F4B6A50051BE8E /* WeatherApp.app */,
				A010E34B20F4B6AA0051BE8E /* WeatherAppTests.xctest */,
			);
			name = Products;
			sourceTree = "<group>";
		};
		A010E33520F4B6A50051BE8E /* WeatherApp */ = {
			isa = PBXGroup;
			children = (
				A010E33620F4B6A50051BE8E /* AppDelegate.swift */,
				A010E33820F4B6A50051BE8E /* RootViewController.swift */,
				A010E33A20F4B6A50051BE8E /* CityViewController.swift */,
				A010E33C20F4B6A50051BE8E /* ModelController.swift */,
				A010E33E20F4B6A50051BE8E /* Main.storyboard */,
				A010E34120F4B6A90051BE8E /* Assets.xcassets */,
				A010E34320F4B6A90051BE8E /* LaunchScreen.storyboard */,
				A010E34620F4B6A90051BE8E /* Info.plist */,
			);
			path = WeatherApp;
			sourceTree = "<group>";
		};
		A010E34E20F4B6AA0051BE8E /* WeatherAppTests */ = {
			isa = PBXGroup;
			children = (
				A010E34F20F4B6AA0051BE8E /* WeatherAppTests.swift */,
				A010E35120F4B6AA0051BE8E /* Info.plist */,
			);
			path = WeatherAppTests;
			sourceTree = "<group>";
		};
/* End PBXGroup section */

/* Begin PBXNativeTarget section */
		A010E33220F4B6A50051BE8E /* WeatherApp */ = {
			isa = PBXNativeTarget;
			buildConfigurationList = A010E35420F4B6AA0051BE8E /* Build configuration list for PBXNativeTarget "WeatherApp" */;
			buildPhases = (
				2BD699C46306CD84158D402B /* [CP] Check Pods Manifest.lock */,
				A010E32F20F4B6A50051BE8E /* Sources */,
				A010E33020F4B6A50051BE8E /* Frameworks */,
				A010E33120F4B6A50051BE8E /* Resources */,
				49965C5A5ADD1F8792E2EEE1 /* [CP] Embed Pods Frameworks */,
			);
			buildRules = (
			);
			dependencies = (
			);
			name = WeatherApp;
			productName = WeatherApp;
			productReference = A010E33320F4B6A50051BE8E /* WeatherApp.app */;
			productType = "com.apple.product-type.application";
		};
		A010E34A20F4B6AA0051BE8E /* WeatherAppTests */ = {
			isa = PBXNativeTarget;
			buildConfigurationList = A010E35720F4B6AA0051BE8E /* Build configuration list for PBXNativeTarget "WeatherAppTests" */;
			buildPhases = (
				A010E34720F4B6AA0051BE8E /* Sources */,
				A010E34820F4B6AA0051BE8E /* Frameworks */,
				A010E34920F4B6AA0051BE8E /* Resources */,
			);
			buildRules = (
			);
			dependencies = (
				A010E34D20F4B6AA0051BE8E /* PBXTargetDependency */,
			);
			name = WeatherAppTests;
			productName = WeatherAppTests;
			productReference = A010E34B20F4B6AA0051BE8E /* WeatherAppTests.xctest */;
			productType = "com.apple.product-type.bundle.unit-test";
		};
/* End PBXNativeTarget section */

/* Begin PBXProject section */
		A010E32B20F4B6A50051BE8E /* Project object */ = {
			isa = PBXProject;
			attributes = {
				LastSwiftUpdateCheck = 0940;
				LastUpgradeCheck = 0940;
				ORGANIZATIONNAME = "Sergei Me";
				TargetAttributes = {
					A010E33220F4B6A50051BE8E = {
						CreatedOnToolsVersion = 9.4.1;
					};
					A010E34A20F4B6AA0051BE8E = {
						CreatedOnToolsVersion = 9.4.1;
						TestTargetID = A010E33220F4B6A50051BE8E;
					};
				};
			};
			buildConfigurationList = A010E32E20F4B6A50051BE8E /* Build configuration list for PBXProject "WeatherApp" */;
			compatibilityVersion = "Xcode 9.3";
			developmentRegion = en;
			hasScannedForEncodings = 0;
			knownRegions = (
				en,
				Base,
			);
			mainGroup = A010E32A20F4B6A50051BE8E;
			productRefGroup = A010E33420F4B6A50051BE8E /* Products */;
			projectDirPath = "";
			projectRoot = "";
			targets = (
				A010E33220F4B6A50051BE8E /* WeatherApp */,
				A010E34A20F4B6AA0051BE8E /* WeatherAppTests */,
			);
		};
/* End PBXProject section */

/* Begin PBXResourcesBuildPhase section */
		A010E33120F4B6A50051BE8E /* Resources */ = {
			isa = PBXResourcesBuildPhase;
			buildActionMask = 2147483647;
			files = (
				A010E34520F4B6A90051BE8E /* LaunchScreen.storyboard in Resources */,
				A010E34220F4B6A90051BE8E /* Assets.xcassets in Resources */,
				A010E34020F4B6A50051BE8E /* Main.storyboard in Resources */,
			);
			runOnlyForDeploymentPostprocessing = 0;
		};
		A010E34920F4B6AA0051BE8E /* Resources */ = {
			isa = PBXResourcesBuildPhase;
			buildActionMask = 2147483647;
			files = (
			);
			runOnlyForDeploymentPostprocessing = 0;
		};
/* End PBXResourcesBuildPhase section */

/* Begin PBXShellScriptBuildPhase section */
		2BD699C46306CD84158D402B /* [CP] Check Pods Manifest.lock */ = {
			isa = PBXShellScriptBuildPhase;
			buildActionMask = 2147483647;
			files = (
			);
			inputPaths = (
				"${PODS_PODFILE_DIR_PATH}/Podfile.lock",
				"${PODS_ROOT}/Manifest.lock",
			);
			name = "[CP] Check Pods Manifest.lock";
			outputPaths = (
				"$(DERIVED_FILE_DIR)/Pods-WeatherApp-checkManifestLockResult.txt",
			);
			runOnlyForDeploymentPostprocessing = 0;
			shellPath = /bin/sh;
			shellScript = "diff \"${PODS_PODFILE_DIR_PATH}/Podfile.lock\" \"${PODS_ROOT}/Manifest.lock\" > /dev/null\nif [ $? != 0 ] ; then\n    # print error to STDERR\n    echo \"error: The sandbox is not in sync with the Podfile.lock. Run 'pod install' or update your CocoaPods installation.\" >&2\n    exit 1\nfi\n# This output is used by Xcode 'outputs' to avoid re-running this script phase.\necho \"SUCCESS\" > \"${SCRIPT_OUTPUT_FILE_0}\"\n";
			showEnvVarsInLog = 0;
		};
		49965C5A5ADD1F8792E2EEE1 /* [CP] Embed Pods Frameworks */ = {
			isa = PBXShellScriptBuildPhase;
			buildActionMask = 2147483647;
			files = (
			);
			inputPaths = (
				"${SRCROOT}/Pods/Target Support Files/Pods-WeatherApp/Pods-WeatherApp-frameworks.sh",
				"${BUILT_PRODUCTS_DIR}/Alamofire/Alamofire.framework",
			);
			name = "[CP] Embed Pods Frameworks";
			outputPaths = (
				"${TARGET_BUILD_DIR}/${FRAMEWORKS_FOLDER_PATH}/Alamofire.framework",
			);
			runOnlyForDeploymentPostprocessing = 0;
			shellPath = /bin/sh;
			shellScript = "\"${SRCROOT}/Pods/Target Support Files/Pods-WeatherApp/Pods-WeatherApp-frameworks.sh\"\n";
			showEnvVarsInLog = 0;
		};
/* End PBXShellScriptBuildPhase section */

/* Begin PBXSourcesBuildPhase section */
		A010E32F20F4B6A50051BE8E /* Sources */ = {
			isa = PBXSourcesBuildPhase;
			buildActionMask = 2147483647;
			files = (
				A010E33920F4B6A50051BE8E /* RootViewController.swift in Sources */,
				A010E33D20F4B6A50051BE8E /* ModelController.swift in Sources */,
				A010E33B20F4B6A50051BE8E /* CityViewController.swift in Sources */,
				A010E33720F4B6A50051BE8E /* AppDelegate.swift in Sources */,
			);
			runOnlyForDeploymentPostprocessing = 0;
		};
		A010E34720F4B6AA0051BE8E /* Sources */ = {
			isa = PBXSourcesBuildPhase;
			buildActionMask = 2147483647;
			files = (
				A010E35020F4B6AA0051BE8E /* WeatherAppTests.swift in Sources */,
			);
			runOnlyForDeploymentPostprocessing = 0;
		};
/* End PBXSourcesBuildPhase section */

/* Begin PBXTargetDependency section */
		A010E34D20F4B6AA0051BE8E /* PBXTargetDependency */ = {
			isa = PBXTargetDependency;
			target = A010E33220F4B6A50051BE8E /* WeatherApp */;
			targetProxy = A010E34C20F4B6AA0051BE8E /* PBXContainerItemProxy */;
		};
/* End PBXTargetDependency section */

/* Begin PBXVariantGroup section */
		A010E33E20F4B6A50051BE8E /* Main.storyboard */ = {
			isa = PBXVariantGroup;
			children = (
				A010E33F20F4B6A50051BE8E /* Base */,
			);
			name = Main.storyboard;
			sourceTree = "<group>";
		};
		A010E34320F4B6A90051BE8E /* LaunchScreen.storyboard */ = {
			isa = PBXVariantGroup;
			children = (
				A010E34420F4B6A90051BE8E /* Base */,
			);
			name = LaunchScreen.storyboard;
			sourceTree = "<group>";
		};
/* End PBXVariantGroup section */

/* Begin XCBuildConfiguration section */
		A010E35220F4B6AA0051BE8E /* Debug */ = {
			isa = XCBuildConfiguration;
			buildSettings = {
				ALWAYS_SEARCH_USER_PATHS = NO;
				CLANG_ANALYZER_NONNULL = YES;
				CLANG_ANALYZER_NUMBER_OBJECT_CONVERSION = YES_AGGRESSIVE;
				CLANG_CXX_LANGUAGE_STANDARD = "gnu++14";
				CLANG_CXX_LIBRARY = "libc++";
				CLANG_ENABLE_MODULES = YES;
				CLANG_ENABLE_OBJC_ARC = YES;
				CLANG_ENABLE_OBJC_WEAK = YES;
				CLANG_WARN_BLOCK_CAPTURE_AUTORELEASING = YES;
				CLANG_WARN_BOOL_CONVERSION = YES;
				CLANG_WARN_COMMA = YES;
				CLANG_WARN_CONSTANT_CONVERSION = YES;
				CLANG_WARN_DEPRECATED_OBJC_IMPLEMENTATIONS = YES;
				CLANG_WARN_DIRECT_OBJC_ISA_USAGE = YES_ERROR;
				CLANG_WARN_DOCUMENTATION_COMMENTS = YES;
				CLANG_WARN_EMPTY_BODY = YES;
				CLANG_WARN_ENUM_CONVERSION = YES;
				CLANG_WARN_INFINITE_RECURSION = YES;
				CLANG_WARN_INT_CONVERSION = YES;
				CLANG_WARN_NON_LITERAL_NULL_CONVERSION = YES;
				CLANG_WARN_OBJC_IMPLICIT_RETAIN_SELF = YES;
				CLANG_WARN_OBJC_LITERAL_CONVERSION = YES;
				CLANG_WARN_OBJC_ROOT_CLASS = YES_ERROR;
				CLANG_WARN_RANGE_LOOP_ANALYSIS = YES;
				CLANG_WARN_STRICT_PROTOTYPES = YES;
				CLANG_WARN_SUSPICIOUS_MOVE = YES;
				CLANG_WARN_UNGUARDED_AVAILABILITY = YES_AGGRESSIVE;
				CLANG_WARN_UNREACHABLE_CODE = YES;
				CLANG_WARN__DUPLICATE_METHOD_MATCH = YES;
				CODE_SIGN_IDENTITY = "iPhone Developer";
				COPY_PHASE_STRIP = NO;
				DEBUG_INFORMATION_FORMAT = dwarf;
				ENABLE_STRICT_OBJC_MSGSEND = YES;
				ENABLE_TESTABILITY = YES;
				GCC_C_LANGUAGE_STANDARD = gnu11;
				GCC_DYNAMIC_NO_PIC = NO;
				GCC_NO_COMMON_BLOCKS = YES;
				GCC_OPTIMIZATION_LEVEL = 0;
				GCC_PREPROCESSOR_DEFINITIONS = (
					"DEBUG=1",
					"$(inherited)",
				);
				GCC_WARN_64_TO_32_BIT_CONVERSION = YES;
				GCC_WARN_ABOUT_RETURN_TYPE = YES_ERROR;
				GCC_WARN_UNDECLARED_SELECTOR = YES;
				GCC_WARN_UNINITIALIZED_AUTOS = YES_AGGRESSIVE;
				GCC_WARN_UNUSED_FUNCTION = YES;
				GCC_WARN_UNUSED_VARIABLE = YES;
				IPHONEOS_DEPLOYMENT_TARGET = 11.4;
				MTL_ENABLE_DEBUG_INFO = YES;
				ONLY_ACTIVE_ARCH = YES;
				SDKROOT = iphoneos;
				SWIFT_ACTIVE_COMPILATION_CONDITIONS = DEBUG;
				SWIFT_OPTIMIZATION_LEVEL = "-Onone";
			};
			name = Debug;
		};
		A010E35320F4B6AA0051BE8E /* Release */ = {
			isa = XCBuildConfiguration;
			buildSettings = {
				ALWAYS_SEARCH_USER_PATHS = NO;
				CLANG_ANALYZER_NONNULL = YES;
				CLANG_ANALYZER_NUMBER_OBJECT_CONVERSION = YES_AGGRESSIVE;
				CLANG_CXX_LANGUAGE_STANDARD = "gnu++14";
				CLANG_CXX_LIBRARY = "libc++";
				CLANG_ENABLE_MODULES = YES;
				CLANG_ENABLE_OBJC_ARC = YES;
				CLANG_ENABLE_OBJC_WEAK = YES;
				CLANG_WARN_BLOCK_CAPTURE_AUTORELEASING = YES;
				CLANG_WARN_BOOL_CONVERSION = YES;
				CLANG_WARN_COMMA = YES;
				CLANG_WARN_CONSTANT_CONVERSION = YES;
				CLANG_WARN_DEPRECATED_OBJC_IMPLEMENTATIONS = YES;
				CLANG_WARN_DIRECT_OBJC_ISA_USAGE = YES_ERROR;
				CLANG_WARN_DOCUMENTATION_COMMENTS = YES;
				CLANG_WARN_EMPTY_BODY = YES;
				CLANG_WARN_ENUM_CONVERSION = YES;
				CLANG_WARN_INFINITE_RECURSION = YES;
				CLANG_WARN_INT_CONVERSION = YES;
				CLANG_WARN_NON_LITERAL_NULL_CONVERSION = YES;
				CLANG_WARN_OBJC_IMPLICIT_RETAIN_SELF = YES;
				CLANG_WARN_OBJC_LITERAL_CONVERSION = YES;
				CLANG_WARN_OBJC_ROOT_CLASS = YES_ERROR;
				CLANG_WARN_RANGE_LOOP_ANALYSIS = YES;
				CLANG_WARN_STRICT_PROTOTYPES = YES;
				CLANG_WARN_SUSPICIOUS_MOVE = YES;
				CLANG_WARN_UNGUARDED_AVAILABILITY = YES_AGGRESSIVE;
				CLANG_WARN_UNREACHABLE_CODE = YES;
				CLANG_WARN__DUPLICATE_METHOD_MATCH = YES;
				CODE_SIGN_IDENTITY = "iPhone Developer";
				COPY_PHASE_STRIP = NO;
				DEBUG_INFORMATION_FORMAT = "dwarf-with-dsym";
				ENABLE_NS_ASSERTIONS = NO;
				ENABLE_STRICT_OBJC_MSGSEND = YES;
				GCC_C_LANGUAGE_STANDARD = gnu11;
				GCC_NO_COMMON_BLOCKS = YES;
				GCC_WARN_64_TO_32_BIT_CONVERSION = YES;
				GCC_WARN_ABOUT_RETURN_TYPE = YES_ERROR;
				GCC_WARN_UNDECLARED_SELECTOR = YES;
				GCC_WARN_UNINITIALIZED_AUTOS = YES_AGGRESSIVE;
				GCC_WARN_UNUSED_FUNCTION = YES;
				GCC_WARN_UNUSED_VARIABLE = YES;
				IPHONEOS_DEPLOYMENT_TARGET = 11.4;
				MTL_ENABLE_DEBUG_INFO = NO;
				SDKROOT = iphoneos;
				SWIFT_COMPILATION_MODE = wholemodule;
				SWIFT_OPTIMIZATION_LEVEL = "-O";
				VALIDATE_PRODUCT = YES;
			};
			name = Release;
		};
		A010E35520F4B6AA0051BE8E /* Debug */ = {
			isa = XCBuildConfiguration;
			baseConfigurationReference = 3AECC926A5F492CFCB94C5CE /* Pods-WeatherApp.debug.xcconfig */;
			buildSettings = {
				ASSETCATALOG_COMPILER_APPICON_NAME = AppIcon;
				CODE_SIGN_STYLE = Automatic;
				DEVELOPMENT_TEAM = S33B5C9ZA4;
				INFOPLIST_FILE = WeatherApp/Info.plist;
				IPHONEOS_DEPLOYMENT_TARGET = 10.0;
				LD_RUNPATH_SEARCH_PATHS = "$(inherited) @executable_path/Frameworks";
				PRODUCT_BUNDLE_IDENTIFIER = com.sergeime.WeatherApp;
				PRODUCT_NAME = "$(TARGET_NAME)";
				SWIFT_VERSION = 4.0;
				TARGETED_DEVICE_FAMILY = 1;
			};
			name = Debug;
		};
		A010E35620F4B6AA0051BE8E /* Release */ = {
			isa = XCBuildConfiguration;
			baseConfigurationReference = BEBD272EDE352D33AE3E96F1 /* Pods-WeatherApp.release.xcconfig */;
			buildSettings = {
				ASSETCATALOG_COMPILER_APPICON_NAME = AppIcon;
				CODE_SIGN_STYLE = Automatic;
				DEVELOPMENT_TEAM = S33B5C9ZA4;
				INFOPLIST_FILE = WeatherApp/Info.plist;
				IPHONEOS_DEPLOYMENT_TARGET = 10.0;
				LD_RUNPATH_SEARCH_PATHS = "$(inherited) @executable_path/Frameworks";
				PRODUCT_BUNDLE_IDENTIFIER = com.sergeime.WeatherApp;
				PRODUCT_NAME = "$(TARGET_NAME)";
				SWIFT_VERSION = 4.0;
				TARGETED_DEVICE_FAMILY = 1;
			};
			name = Release;
		};
		A010E35820F4B6AA0051BE8E /* Debug */ = {
			isa = XCBuildConfiguration;
			buildSettings = {
				ALWAYS_EMBED_SWIFT_STANDARD_LIBRARIES = YES;
				BUNDLE_LOADER = "$(TEST_HOST)";
				CODE_SIGN_STYLE = Automatic;
				DEVELOPMENT_TEAM = S33B5C9ZA4;
				INFOPLIST_FILE = WeatherAppTests/Info.plist;
				LD_RUNPATH_SEARCH_PATHS = "$(inherited) @executable_path/Frameworks @loader_path/Frameworks";
				PRODUCT_BUNDLE_IDENTIFIER = com.sergeime.WeatherAppTests;
				PRODUCT_NAME = "$(TARGET_NAME)";
				SWIFT_VERSION = 4.0;
				TARGETED_DEVICE_FAMILY = "1,2";
				TEST_HOST = "$(BUILT_PRODUCTS_DIR)/WeatherApp.app/WeatherApp";
			};
			name = Debug;
		};
		A010E35920F4B6AA0051BE8E /* Release */ = {
			isa = XCBuildConfiguration;
			buildSettings = {
				ALWAYS_EMBED_SWIFT_STANDARD_LIBRARIES = YES;
				BUNDLE_LOADER = "$(TEST_HOST)";
				CODE_SIGN_STYLE = Automatic;
				DEVELOPMENT_TEAM = S33B5C9ZA4;
				INFOPLIST_FILE = WeatherAppTests/Info.plist;
				LD_RUNPATH_SEARCH_PATHS = "$(inherited) @executable_path/Frameworks @loader_path/Frameworks";
				PRODUCT_BUNDLE_IDENTIFIER = com.sergeime.WeatherAppTests;
				PRODUCT_NAME = "$(TARGET_NAME)";
				SWIFT_VERSION = 4.0;
				TARGETED_DEVICE_FAMILY = "1,2";
				TEST_HOST = "$(BUILT_PRODUCTS_DIR)/WeatherApp.app/WeatherApp";
			};
			name = Release;
		};
/* End XCBuildConfiguration section */

/* Begin XCConfigurationList section */
		A010E32E20F4B6A50051BE8E /* Build configuration list for PBXProject "WeatherApp" */ = {
			isa = XCConfigurationList;
			buildConfigurations = (
				A010E35220F4B6AA0051BE8E /* Debug */,
				A010E35320F4B6AA0051BE8E /* Release */,
			);
			defaultConfigurationIsVisible = 0;
			defaultConfigurationName = Release;
		};
		A010E35420F4B6AA0051BE8E /* Build configuration list for PBXNativeTarget "WeatherApp" */ = {
			isa = XCConfigurationList;
			buildConfigurations = (
				A010E35520F4B6AA0051BE8E /* Debug */,
				A010E35620F4B6AA0051BE8E /* Release */,
			);
			defaultConfigurationIsVisible = 0;
			defaultConfigurationName = Release;
		};
		A010E35720F4B6AA0051BE8E /* Build configuration list for PBXNativeTarget "WeatherAppTests" */ = {
			isa = XCConfigurationList;
			buildConfigurations = (
				A010E35820F4B6AA0051BE8E /* Debug */,
				A010E35920F4B6AA0051BE8E /* Release */,
			);
			defaultConfigurationIsVisible = 0;
			defaultConfigurationName = Release;
		};
/* End XCConfigurationList section */
	};
	rootObject = A010E32B20F4B6A50051BE8E /* Project object */;
}
